
Microsoft Visual Studio Solution File, Format Version 12.00
# Visual Studio Version 17
VisualStudioVersion = 17.5.33530.505
MinimumVisualStudioVersion = 10.0.40219.1
Project("{FAE04EC0-301F-11D3-BF4B-00C04F79EFBC}") = "ЛР6", "ЛР6.csproj", "{7C985032-E2EE-4AD9-B709-33A7D4764EA7}"
EndProject
Global
	GlobalSection(SolutionConfigurationPlatforms) = preSolution
		Debug|Any CPU = Debug|Any CPU
		Release|Any CPU = Release|Any CPU
	EndGlobalSection
	GlobalSection(ProjectConfigurationPlatforms) = postSolution
		{7C985032-E2EE-4AD9-B709-33A7D4764EA7}.Debug|Any CPU.ActiveCfg = Debug|Any CPU
		{7C985032-E2EE-4AD9-B709-33A7D4764EA7}.Debug|Any CPU.Build.0 = Debug|Any CPU
		{7C985032-E2EE-4AD9-B709-33A7D4764EA7}.Release|Any CPU.ActiveCfg = Release|Any CPU
		{7C985032-E2EE-4AD9-B709-33A7D4764EA7}.Release|Any CPU.Build.0 = Release|Any CPU
	EndGlobalSection
	GlobalSection(SolutionProperties) = preSolution
		HideSolutionNode = FALSE
	EndGlobalSection
	GlobalSection(ExtensibilityGlobals) = postSolution
		SolutionGuid = {C49875C5-615D-472F-9254-59DB84D9C3E2}
	EndGlobalSection
EndGlobal
